// !$*UTF8*$!
{
	archiveVersion = 1;
	classes = {
	};
	objectVersion = 53;
	objects = {

/* Begin PBXBuildFile section */
		622B72752451D94300EDE40F /* WhereViewController.swift in Sources */ = {isa = PBXBuildFile; fileRef = 622B72742451D94300EDE40F /* WhereViewController.swift */; };
		625484F5240BB78E00749D26 /* WWWCollectionViewController.swift in Sources */ = {isa = PBXBuildFile; fileRef = 625484F4240BB78E00749D26 /* WWWCollectionViewController.swift */; };
		625484F7240BC13500749D26 /* WWWCollectionViewCell.swift in Sources */ = {isa = PBXBuildFile; fileRef = 625484F6240BC13500749D26 /* WWWCollectionViewCell.swift */; };
		625484FC240C340300749D26 /* CustomLayout.swift in Sources */ = {isa = PBXBuildFile; fileRef = 625484F8240C340200749D26 /* CustomLayout.swift */; };
		625484FD240C340300749D26 /* WWWViewController.swift in Sources */ = {isa = PBXBuildFile; fileRef = 625484F9240C340300749D26 /* WWWViewController.swift */; };
		625484FE240C340300749D26 /* ItemCollectionViewCell.swift in Sources */ = {isa = PBXBuildFile; fileRef = 625484FA240C340300749D26 /* ItemCollectionViewCell.swift */; };
		625484FF240C340300749D26 /* ItemCollectionViewCell.xib in Resources */ = {isa = PBXBuildFile; fileRef = 625484FB240C340300749D26 /* ItemCollectionViewCell.xib */; };
		625D5A2A24AA307F00933355 /* CalculationOfResultsWWW.swift in Sources */ = {isa = PBXBuildFile; fileRef = 625D5A2924AA307F00933355 /* CalculationOfResultsWWW.swift */; };
		627AF15923FB3FF000AE04A1 /* ProfilePieViewController.swift in Sources */ = {isa = PBXBuildFile; fileRef = 627AF15823FB3FF000AE04A1 /* ProfilePieViewController.swift */; };
		628C00BF23F9931200BF2498 /* DesignableView.swift in Sources */ = {isa = PBXBuildFile; fileRef = 628C00BE23F9931200BF2498 /* DesignableView.swift */; };
		6290706224ED7C79005F5CAE /* TestSecondViewController.swift in Sources */ = {isa = PBXBuildFile; fileRef = 6290706124ED7C79005F5CAE /* TestSecondViewController.swift */; };
		62A5E62223FAB3D4006FBB83 /* TaskCollectionViewCell.swift in Sources */ = {isa = PBXBuildFile; fileRef = 62A5E62123FAB3D4006FBB83 /* TaskCollectionViewCell.swift */; };
		62B3F3012451CF0300B855CE /* WhatViewController.swift in Sources */ = {isa = PBXBuildFile; fileRef = 62B3F3002451CF0300B855CE /* WhatViewController.swift */; };
		62CFA2D325C852050069637E /* LoginViewController.swift in Sources */ = {isa = PBXBuildFile; fileRef = 62CFA2D225C852050069637E /* LoginViewController.swift */; };
		62CFA2D625C85F100069637E /* ApiCall.swift in Sources */ = {isa = PBXBuildFile; fileRef = 62CFA2D525C85F100069637E /* ApiCall.swift */; };
		62CFA2DA25C861380069637E /* Player.swift in Sources */ = {isa = PBXBuildFile; fileRef = 62CFA2D925C861380069637E /* Player.swift */; };
		62D9DDD223F97385007517B9 /* AppDelegate.swift in Sources */ = {isa = PBXBuildFile; fileRef = 62D9DDD123F97385007517B9 /* AppDelegate.swift */; };
		62D9DDD423F97385007517B9 /* SceneDelegate.swift in Sources */ = {isa = PBXBuildFile; fileRef = 62D9DDD323F97385007517B9 /* SceneDelegate.swift */; };
		62D9DDD923F97385007517B9 /* Main.storyboard in Resources */ = {isa = PBXBuildFile; fileRef = 62D9DDD723F97385007517B9 /* Main.storyboard */; };
		62D9DDDB23F97388007517B9 /* Assets.xcassets in Resources */ = {isa = PBXBuildFile; fileRef = 62D9DDDA23F97388007517B9 /* Assets.xcassets */; };
		62D9DDDE23F97388007517B9 /* LaunchScreen.storyboard in Resources */ = {isa = PBXBuildFile; fileRef = 62D9DDDC23F97388007517B9 /* LaunchScreen.storyboard */; };
		62E3383E251AAF070011C7DE /* Pods_RNTCiPiPStoryboard.framework in Frameworks */ = {isa = PBXBuildFile; fileRef = 7E350560AA365F07686AC335 /* Pods_RNTCiPiPStoryboard.framework */; };
		62EBA0D223FAC8D400FA2E78 /* TestOneViewController.swift in Sources */ = {isa = PBXBuildFile; fileRef = 62EBA0D123FAC8D400FA2E78 /* TestOneViewController.swift */; };
		62FB7536245E38E70052692D /* ModelWWW.swift in Sources */ = {isa = PBXBuildFile; fileRef = 62FB7535245E38E70052692D /* ModelWWW.swift */; };
		62FD86A323FDE71B00E1D3B5 /* Points.swift in Sources */ = {isa = PBXBuildFile; fileRef = 62FD86A223FDE71B00E1D3B5 /* Points.swift */; };
/* End PBXBuildFile section */

/* Begin PBXFileReference section */
		47F42D19F337ED1C5D3404E8 /* Pods-RNTCiPiPStoryboard.release.xcconfig */ = {isa = PBXFileReference; includeInIndex = 1; lastKnownFileType = text.xcconfig; name = "Pods-RNTCiPiPStoryboard.release.xcconfig"; path = "Target Support Files/Pods-RNTCiPiPStoryboard/Pods-RNTCiPiPStoryboard.release.xcconfig"; sourceTree = "<group>"; };
		622B72742451D94300EDE40F /* WhereViewController.swift */ = {isa = PBXFileReference; lastKnownFileType = sourcecode.swift; path = WhereViewController.swift; sourceTree = "<group>"; };
		625484F4240BB78E00749D26 /* WWWCollectionViewController.swift */ = {isa = PBXFileReference; lastKnownFileType = sourcecode.swift; path = WWWCollectionViewController.swift; sourceTree = "<group>"; };
		625484F6240BC13500749D26 /* WWWCollectionViewCell.swift */ = {isa = PBXFileReference; lastKnownFileType = sourcecode.swift; path = WWWCollectionViewCell.swift; sourceTree = "<group>"; };
		625484F8240C340200749D26 /* CustomLayout.swift */ = {isa = PBXFileReference; fileEncoding = 4; lastKnownFileType = sourcecode.swift; path = CustomLayout.swift; sourceTree = "<group>"; };
		625484F9240C340300749D26 /* WWWViewController.swift */ = {isa = PBXFileReference; fileEncoding = 4; lastKnownFileType = sourcecode.swift; path = WWWViewController.swift; sourceTree = "<group>"; };
		625484FA240C340300749D26 /* ItemCollectionViewCell.swift */ = {isa = PBXFileReference; fileEncoding = 4; lastKnownFileType = sourcecode.swift; path = ItemCollectionViewCell.swift; sourceTree = "<group>"; };
		625484FB240C340300749D26 /* ItemCollectionViewCell.xib */ = {isa = PBXFileReference; fileEncoding = 4; lastKnownFileType = file.xib; path = ItemCollectionViewCell.xib; sourceTree = "<group>"; };
		625D5A2924AA307F00933355 /* CalculationOfResultsWWW.swift */ = {isa = PBXFileReference; lastKnownFileType = sourcecode.swift; path = CalculationOfResultsWWW.swift; sourceTree = "<group>"; };
		627AF15823FB3FF000AE04A1 /* ProfilePieViewController.swift */ = {isa = PBXFileReference; lastKnownFileType = sourcecode.swift; path = ProfilePieViewController.swift; sourceTree = "<group>"; };
		628C00BE23F9931200BF2498 /* DesignableView.swift */ = {isa = PBXFileReference; lastKnownFileType = sourcecode.swift; path = DesignableView.swift; sourceTree = "<group>"; };
		6290706124ED7C79005F5CAE /* TestSecondViewController.swift */ = {isa = PBXFileReference; lastKnownFileType = sourcecode.swift; path = TestSecondViewController.swift; sourceTree = "<group>"; };
		62A5E62123FAB3D4006FBB83 /* TaskCollectionViewCell.swift */ = {isa = PBXFileReference; lastKnownFileType = sourcecode.swift; path = TaskCollectionViewCell.swift; sourceTree = "<group>"; };
		62B3F3002451CF0300B855CE /* WhatViewController.swift */ = {isa = PBXFileReference; lastKnownFileType = sourcecode.swift; path = WhatViewController.swift; sourceTree = "<group>"; };
		62CFA2D225C852050069637E /* LoginViewController.swift */ = {isa = PBXFileReference; lastKnownFileType = sourcecode.swift; path = LoginViewController.swift; sourceTree = "<group>"; };
		62CFA2D525C85F100069637E /* ApiCall.swift */ = {isa = PBXFileReference; lastKnownFileType = sourcecode.swift; path = ApiCall.swift; sourceTree = "<group>"; };
		62CFA2D925C861380069637E /* Player.swift */ = {isa = PBXFileReference; lastKnownFileType = sourcecode.swift; path = Player.swift; sourceTree = "<group>"; };
		62D9DDCE23F97385007517B9 /* Моя профессия.app */ = {isa = PBXFileReference; explicitFileType = wrapper.application; includeInIndex = 0; path = "Моя профессия.app"; sourceTree = BUILT_PRODUCTS_DIR; };
		62D9DDD123F97385007517B9 /* AppDelegate.swift */ = {isa = PBXFileReference; lastKnownFileType = sourcecode.swift; path = AppDelegate.swift; sourceTree = "<group>"; };
		62D9DDD323F97385007517B9 /* SceneDelegate.swift */ = {isa = PBXFileReference; lastKnownFileType = sourcecode.swift; path = SceneDelegate.swift; sourceTree = "<group>"; };
		62D9DDD823F97385007517B9 /* Base */ = {isa = PBXFileReference; lastKnownFileType = file.storyboard; name = Base; path = Base.lproj/Main.storyboard; sourceTree = "<group>"; };
		62D9DDDA23F97388007517B9 /* Assets.xcassets */ = {isa = PBXFileReference; lastKnownFileType = folder.assetcatalog; path = Assets.xcassets; sourceTree = "<group>"; };
		62D9DDDD23F97388007517B9 /* Base */ = {isa = PBXFileReference; lastKnownFileType = file.storyboard; name = Base; path = Base.lproj/LaunchScreen.storyboard; sourceTree = "<group>"; };
		62D9DDDF23F97388007517B9 /* Info.plist */ = {isa = PBXFileReference; lastKnownFileType = text.plist.xml; path = Info.plist; sourceTree = "<group>"; };
		62EBA0D123FAC8D400FA2E78 /* TestOneViewController.swift */ = {isa = PBXFileReference; lastKnownFileType = sourcecode.swift; path = TestOneViewController.swift; sourceTree = "<group>"; };
		62FB7535245E38E70052692D /* ModelWWW.swift */ = {isa = PBXFileReference; lastKnownFileType = sourcecode.swift; path = ModelWWW.swift; sourceTree = "<group>"; };
		62FD86A223FDE71B00E1D3B5 /* Points.swift */ = {isa = PBXFileReference; lastKnownFileType = sourcecode.swift; path = Points.swift; sourceTree = "<group>"; };
		7E350560AA365F07686AC335 /* Pods_RNTCiPiPStoryboard.framework */ = {isa = PBXFileReference; explicitFileType = wrapper.framework; includeInIndex = 0; path = Pods_RNTCiPiPStoryboard.framework; sourceTree = BUILT_PRODUCTS_DIR; };
		855DB4F487F2B84FCC2BC3E1 /* Pods-RNTCiPiPStoryboard.debug.xcconfig */ = {isa = PBXFileReference; includeInIndex = 1; lastKnownFileType = text.xcconfig; name = "Pods-RNTCiPiPStoryboard.debug.xcconfig"; path = "Target Support Files/Pods-RNTCiPiPStoryboard/Pods-RNTCiPiPStoryboard.debug.xcconfig"; sourceTree = "<group>"; };
/* End PBXFileReference section */

/* Begin PBXFrameworksBuildPhase section */
		62D9DDCB23F97385007517B9 /* Frameworks */ = {
			isa = PBXFrameworksBuildPhase;
			buildActionMask = 2147483647;
			files = (
				62E3383E251AAF070011C7DE /* Pods_RNTCiPiPStoryboard.framework in Frameworks */,
			);
			runOnlyForDeploymentPostprocessing = 0;
		};
/* End PBXFrameworksBuildPhase section */

/* Begin PBXGroup section */
		06BE30ADA9EAF7BF70CB1889 /* Frameworks */ = {
			isa = PBXGroup;
			children = (
				7E350560AA365F07686AC335 /* Pods_RNTCiPiPStoryboard.framework */,
			);
			name = Frameworks;
			sourceTree = "<group>";
		};
		4A9E99756E302F9351FD26C0 /* Pods */ = {
			isa = PBXGroup;
			children = (
				855DB4F487F2B84FCC2BC3E1 /* Pods-RNTCiPiPStoryboard.debug.xcconfig */,
				47F42D19F337ED1C5D3404E8 /* Pods-RNTCiPiPStoryboard.release.xcconfig */,
			);
			path = Pods;
			sourceTree = "<group>";
		};
		625484F3240BB75A00749D26 /* WWW */ = {
			isa = PBXGroup;
			children = (
				625484F8240C340200749D26 /* CustomLayout.swift */,
				625484FA240C340300749D26 /* ItemCollectionViewCell.swift */,
				625484FB240C340300749D26 /* ItemCollectionViewCell.xib */,
				625484F9240C340300749D26 /* WWWViewController.swift */,
				625484F4240BB78E00749D26 /* WWWCollectionViewController.swift */,
				625484F6240BC13500749D26 /* WWWCollectionViewCell.swift */,
				62B3F3002451CF0300B855CE /* WhatViewController.swift */,
				622B72742451D94300EDE40F /* WhereViewController.swift */,
				62FB7535245E38E70052692D /* ModelWWW.swift */,
				625D5A2924AA307F00933355 /* CalculationOfResultsWWW.swift */,
			);
			path = WWW;
			sourceTree = "<group>";
		};
		628C00C623F997F900BF2498 /* Task */ = {
			isa = PBXGroup;
			children = (
				62A5E62123FAB3D4006FBB83 /* TaskCollectionViewCell.swift */,
				62EBA0D123FAC8D400FA2E78 /* TestOneViewController.swift */,
			);
			path = Task;
			sourceTree = "<group>";
		};
		6290706024ED7C50005F5CAE /* SecondTask */ = {
			isa = PBXGroup;
			children = (
				6290706124ED7C79005F5CAE /* TestSecondViewController.swift */,
			);
			path = SecondTask;
			sourceTree = "<group>";
		};
		62D9DDC523F97385007517B9 = {
			isa = PBXGroup;
			children = (
				62D9DDD023F97385007517B9 /* RNTCiPiPStoryboard */,
				62D9DDCF23F97385007517B9 /* Products */,
				4A9E99756E302F9351FD26C0 /* Pods */,
				06BE30ADA9EAF7BF70CB1889 /* Frameworks */,
			);
			sourceTree = "<group>";
		};
		62D9DDCF23F97385007517B9 /* Products */ = {
			isa = PBXGroup;
			children = (
				62D9DDCE23F97385007517B9 /* Моя профессия.app */,
			);
			name = Products;
			sourceTree = "<group>";
		};
		62D9DDD023F97385007517B9 /* RNTCiPiPStoryboard */ = {
			isa = PBXGroup;
			children = (
				6290706024ED7C50005F5CAE /* SecondTask */,
				625484F3240BB75A00749D26 /* WWW */,
				62EBA0D423FB318900FA2E78 /* Profile */,
				628C00C623F997F900BF2498 /* Task */,
				62D9DDD123F97385007517B9 /* AppDelegate.swift */,
				62D9DDD323F97385007517B9 /* SceneDelegate.swift */,
				62D9DDD723F97385007517B9 /* Main.storyboard */,
				62D9DDDA23F97388007517B9 /* Assets.xcassets */,
				62D9DDDC23F97388007517B9 /* LaunchScreen.storyboard */,
				62D9DDDF23F97388007517B9 /* Info.plist */,
				628C00BE23F9931200BF2498 /* DesignableView.swift */,
				62FD86A223FDE71B00E1D3B5 /* Points.swift */,
				62CFA2D225C852050069637E /* LoginViewController.swift */,
				62CFA2D525C85F100069637E /* ApiCall.swift */,
				62CFA2D925C861380069637E /* Player.swift */,
			);
			path = RNTCiPiPStoryboard;
			sourceTree = "<group>";
		};
		62EBA0D423FB318900FA2E78 /* Profile */ = {
			isa = PBXGroup;
			children = (
				627AF15823FB3FF000AE04A1 /* ProfilePieViewController.swift */,
			);
			path = Profile;
			sourceTree = "<group>";
		};
/* End PBXGroup section */

/* Begin PBXNativeTarget section */
		62D9DDCD23F97385007517B9 /* RNTCiPiPStoryboard */ = {
			isa = PBXNativeTarget;
			buildConfigurationList = 62D9DDE223F97388007517B9 /* Build configuration list for PBXNativeTarget "RNTCiPiPStoryboard" */;
			buildPhases = (
				66CC580B459F3CC30385ADA8 /* [CP] Check Pods Manifest.lock */,
				62D9DDCA23F97385007517B9 /* Sources */,
				62D9DDCB23F97385007517B9 /* Frameworks */,
				62D9DDCC23F97385007517B9 /* Resources */,
				3EE4515FFAC4A691F188B1D5 /* [CP] Embed Pods Frameworks */,
			);
			buildRules = (
			);
			dependencies = (
			);
			name = RNTCiPiPStoryboard;
			productName = RNTCiPiPStoryboard;
			productReference = 62D9DDCE23F97385007517B9 /* Моя профессия.app */;
			productType = "com.apple.product-type.application";
		};
/* End PBXNativeTarget section */

/* Begin PBXProject section */
		62D9DDC623F97385007517B9 /* Project object */ = {
			isa = PBXProject;
			attributes = {
				LastSwiftUpdateCheck = 1130;
				LastUpgradeCheck = 1130;
				ORGANIZATIONNAME = Domiik;
				TargetAttributes = {
					62D9DDCD23F97385007517B9 = {
						CreatedOnToolsVersion = 11.3.1;
					};
				};
			};
			buildConfigurationList = 62D9DDC923F97385007517B9 /* Build configuration list for PBXProject "RNTCiPiPStoryboard" */;
			compatibilityVersion = "Xcode 11.4";
			developmentRegion = en;
			hasScannedForEncodings = 0;
			knownRegions = (
				en,
				Base,
			);
			mainGroup = 62D9DDC523F97385007517B9;
			productRefGroup = 62D9DDCF23F97385007517B9 /* Products */;
			projectDirPath = "";
			projectRoot = "";
			targets = (
				62D9DDCD23F97385007517B9 /* RNTCiPiPStoryboard */,
			);
		};
/* End PBXProject section */

/* Begin PBXResourcesBuildPhase section */
		62D9DDCC23F97385007517B9 /* Resources */ = {
			isa = PBXResourcesBuildPhase;
			buildActionMask = 2147483647;
			files = (
				62D9DDDE23F97388007517B9 /* LaunchScreen.storyboard in Resources */,
				625484FF240C340300749D26 /* ItemCollectionViewCell.xib in Resources */,
				62D9DDDB23F97388007517B9 /* Assets.xcassets in Resources */,
				62D9DDD923F97385007517B9 /* Main.storyboard in Resources */,
			);
			runOnlyForDeploymentPostprocessing = 0;
		};
/* End PBXResourcesBuildPhase section */

/* Begin PBXShellScriptBuildPhase section */
		3EE4515FFAC4A691F188B1D5 /* [CP] Embed Pods Frameworks */ = {
			isa = PBXShellScriptBuildPhase;
			buildActionMask = 2147483647;
			files = (
			);
			inputFileListPaths = (
				"${PODS_ROOT}/Target Support Files/Pods-RNTCiPiPStoryboard/Pods-RNTCiPiPStoryboard-frameworks-${CONFIGURATION}-input-files.xcfilelist",
			);
			name = "[CP] Embed Pods Frameworks";
			outputFileListPaths = (
				"${PODS_ROOT}/Target Support Files/Pods-RNTCiPiPStoryboard/Pods-RNTCiPiPStoryboard-frameworks-${CONFIGURATION}-output-files.xcfilelist",
			);
			runOnlyForDeploymentPostprocessing = 0;
			shellPath = /bin/sh;
			shellScript = "\"${PODS_ROOT}/Target Support Files/Pods-RNTCiPiPStoryboard/Pods-RNTCiPiPStoryboard-frameworks.sh\"\n";
			showEnvVarsInLog = 0;
		};
		66CC580B459F3CC30385ADA8 /* [CP] Check Pods Manifest.lock */ = {
			isa = PBXShellScriptBuildPhase;
			buildActionMask = 2147483647;
			files = (
			);
			inputFileListPaths = (
			);
			inputPaths = (
				"${PODS_PODFILE_DIR_PATH}/Podfile.lock",
				"${PODS_ROOT}/Manifest.lock",
			);
			name = "[CP] Check Pods Manifest.lock";
			outputFileListPaths = (
			);
			outputPaths = (
				"$(DERIVED_FILE_DIR)/Pods-RNTCiPiPStoryboard-checkManifestLockResult.txt",
			);
			runOnlyForDeploymentPostprocessing = 0;
			shellPath = /bin/sh;
			shellScript = "diff \"${PODS_PODFILE_DIR_PATH}/Podfile.lock\" \"${PODS_ROOT}/Manifest.lock\" > /dev/null\nif [ $? != 0 ] ; then\n    # print error to STDERR\n    echo \"error: The sandbox is not in sync with the Podfile.lock. Run 'pod install' or update your CocoaPods installation.\" >&2\n    exit 1\nfi\n# This output is used by Xcode 'outputs' to avoid re-running this script phase.\necho \"SUCCESS\" > \"${SCRIPT_OUTPUT_FILE_0}\"\n";
			showEnvVarsInLog = 0;
		};
/* End PBXShellScriptBuildPhase section */

/* Begin PBXSourcesBuildPhase section */
		62D9DDCA23F97385007517B9 /* Sources */ = {
			isa = PBXSourcesBuildPhase;
			buildActionMask = 2147483647;
			files = (
				62CFA2DA25C861380069637E /* Player.swift in Sources */,
				625484FE240C340300749D26 /* ItemCollectionViewCell.swift in Sources */,
				625D5A2A24AA307F00933355 /* CalculationOfResultsWWW.swift in Sources */,
				62FB7536245E38E70052692D /* ModelWWW.swift in Sources */,
				625484F5240BB78E00749D26 /* WWWCollectionViewController.swift in Sources */,
				6290706224ED7C79005F5CAE /* TestSecondViewController.swift in Sources */,
				628C00BF23F9931200BF2498 /* DesignableView.swift in Sources */,
				62CFA2D325C852050069637E /* LoginViewController.swift in Sources */,
				625484FD240C340300749D26 /* WWWViewController.swift in Sources */,
				62CFA2D625C85F100069637E /* ApiCall.swift in Sources */,
				62B3F3012451CF0300B855CE /* WhatViewController.swift in Sources */,
				62A5E62223FAB3D4006FBB83 /* TaskCollectionViewCell.swift in Sources */,
				62EBA0D223FAC8D400FA2E78 /* TestOneViewController.swift in Sources */,
				625484F7240BC13500749D26 /* WWWCollectionViewCell.swift in Sources */,
				627AF15923FB3FF000AE04A1 /* ProfilePieViewController.swift in Sources */,
				62D9DDD223F97385007517B9 /* AppDelegate.swift in Sources */,
				622B72752451D94300EDE40F /* WhereViewController.swift in Sources */,
				62FD86A323FDE71B00E1D3B5 /* Points.swift in Sources */,
				625484FC240C340300749D26 /* CustomLayout.swift in Sources */,
				62D9DDD423F97385007517B9 /* SceneDelegate.swift in Sources */,
			);
			runOnlyForDeploymentPostprocessing = 0;
		};
/* End PBXSourcesBuildPhase section */

/* Begin PBXVariantGroup section */
		62D9DDD723F97385007517B9 /* Main.storyboard */ = {
			isa = PBXVariantGroup;
			children = (
				62D9DDD823F97385007517B9 /* Base */,
			);
			name = Main.storyboard;
			sourceTree = "<group>";
		};
		62D9DDDC23F97388007517B9 /* LaunchScreen.storyboard */ = {
			isa = PBXVariantGroup;
			children = (
				62D9DDDD23F97388007517B9 /* Base */,
			);
			name = LaunchScreen.storyboard;
			sourceTree = "<group>";
		};
/* End PBXVariantGroup section */

/* Begin XCBuildConfiguration section */
		62D9DDE023F97388007517B9 /* Debug */ = {
			isa = XCBuildConfiguration;
			buildSettings = {
				ALWAYS_SEARCH_USER_PATHS = NO;
				CLANG_ANALYZER_NONNULL = YES;
				CLANG_ANALYZER_NUMBER_OBJECT_CONVERSION = YES_AGGRESSIVE;
				CLANG_CXX_LANGUAGE_STANDARD = "gnu++14";
				CLANG_CXX_LIBRARY = "libc++";
				CLANG_ENABLE_MODULES = YES;
				CLANG_ENABLE_OBJC_ARC = YES;
				CLANG_ENABLE_OBJC_WEAK = YES;
				CLANG_WARN_BLOCK_CAPTURE_AUTORELEASING = YES;
				CLANG_WARN_BOOL_CONVERSION = YES;
				CLANG_WARN_COMMA = YES;
				CLANG_WARN_CONSTANT_CONVERSION = YES;
				CLANG_WARN_DEPRECATED_OBJC_IMPLEMENTATIONS = YES;
				CLANG_WARN_DIRECT_OBJC_ISA_USAGE = YES_ERROR;
				CLANG_WARN_DOCUMENTATION_COMMENTS = YES;
				CLANG_WARN_EMPTY_BODY = YES;
				CLANG_WARN_ENUM_CONVERSION = YES;
				CLANG_WARN_INFINITE_RECURSION = YES;
				CLANG_WARN_INT_CONVERSION = YES;
				CLANG_WARN_NON_LITERAL_NULL_CONVERSION = YES;
				CLANG_WARN_OBJC_IMPLICIT_RETAIN_SELF = YES;
				CLANG_WARN_OBJC_LITERAL_CONVERSION = YES;
				CLANG_WARN_OBJC_ROOT_CLASS = YES_ERROR;
				CLANG_WARN_RANGE_LOOP_ANALYSIS = YES;
				CLANG_WARN_STRICT_PROTOTYPES = YES;
				CLANG_WARN_SUSPICIOUS_MOVE = YES;
				CLANG_WARN_UNGUARDED_AVAILABILITY = YES_AGGRESSIVE;
				CLANG_WARN_UNREACHABLE_CODE = YES;
				CLANG_WARN__DUPLICATE_METHOD_MATCH = YES;
				COPY_PHASE_STRIP = NO;
				DEBUG_INFORMATION_FORMAT = dwarf;
				ENABLE_STRICT_OBJC_MSGSEND = YES;
				ENABLE_TESTABILITY = YES;
				GCC_C_LANGUAGE_STANDARD = gnu11;
				GCC_DYNAMIC_NO_PIC = NO;
				GCC_NO_COMMON_BLOCKS = YES;
				GCC_OPTIMIZATION_LEVEL = 0;
				GCC_PREPROCESSOR_DEFINITIONS = (
					"DEBUG=1",
					"$(inherited)",
				);
				GCC_WARN_64_TO_32_BIT_CONVERSION = YES;
				GCC_WARN_ABOUT_RETURN_TYPE = YES_ERROR;
				GCC_WARN_UNDECLARED_SELECTOR = YES;
				GCC_WARN_UNINITIALIZED_AUTOS = YES_AGGRESSIVE;
				GCC_WARN_UNUSED_FUNCTION = YES;
				GCC_WARN_UNUSED_VARIABLE = YES;
				IPHONEOS_DEPLOYMENT_TARGET = 13.2;
				MTL_ENABLE_DEBUG_INFO = INCLUDE_SOURCE;
				MTL_FAST_MATH = YES;
				ONLY_ACTIVE_ARCH = YES;
				SDKROOT = iphoneos;
				SWIFT_ACTIVE_COMPILATION_CONDITIONS = DEBUG;
				SWIFT_OPTIMIZATION_LEVEL = "-Onone";
			};
			name = Debug;
		};
		62D9DDE123F97388007517B9 /* Release */ = {
			isa = XCBuildConfiguration;
			buildSettings = {
				ALWAYS_SEARCH_USER_PATHS = NO;
				CLANG_ANALYZER_NONNULL = YES;
				CLANG_ANALYZER_NUMBER_OBJECT_CONVERSION = YES_AGGRESSIVE;
				CLANG_CXX_LANGUAGE_STANDARD = "gnu++14";
				CLANG_CXX_LIBRARY = "libc++";
				CLANG_ENABLE_MODULES = YES;
				CLANG_ENABLE_OBJC_ARC = YES;
				CLANG_ENABLE_OBJC_WEAK = YES;
				CLANG_WARN_BLOCK_CAPTURE_AUTORELEASING = YES;
				CLANG_WARN_BOOL_CONVERSION = YES;
				CLANG_WARN_COMMA = YES;
				CLANG_WARN_CONSTANT_CONVERSION = YES;
				CLANG_WARN_DEPRECATED_OBJC_IMPLEMENTATIONS = YES;
				CLANG_WARN_DIRECT_OBJC_ISA_USAGE = YES_ERROR;
				CLANG_WARN_DOCUMENTATION_COMMENTS = YES;
				CLANG_WARN_EMPTY_BODY = YES;
				CLANG_WARN_ENUM_CONVERSION = YES;
				CLANG_WARN_INFINITE_RECURSION = YES;
				CLANG_WARN_INT_CONVERSION = YES;
				CLANG_WARN_NON_LITERAL_NULL_CONVERSION = YES;
				CLANG_WARN_OBJC_IMPLICIT_RETAIN_SELF = YES;
				CLANG_WARN_OBJC_LITERAL_CONVERSION = YES;
				CLANG_WARN_OBJC_ROOT_CLASS = YES_ERROR;
				CLANG_WARN_RANGE_LOOP_ANALYSIS = YES;
				CLANG_WARN_STRICT_PROTOTYPES = YES;
				CLANG_WARN_SUSPICIOUS_MOVE = YES;
				CLANG_WARN_UNGUARDED_AVAILABILITY = YES_AGGRESSIVE;
				CLANG_WARN_UNREACHABLE_CODE = YES;
				CLANG_WARN__DUPLICATE_METHOD_MATCH = YES;
				COPY_PHASE_STRIP = NO;
				DEBUG_INFORMATION_FORMAT = "dwarf-with-dsym";
				ENABLE_NS_ASSERTIONS = NO;
				ENABLE_STRICT_OBJC_MSGSEND = YES;
				GCC_C_LANGUAGE_STANDARD = gnu11;
				GCC_NO_COMMON_BLOCKS = YES;
				GCC_WARN_64_TO_32_BIT_CONVERSION = YES;
				GCC_WARN_ABOUT_RETURN_TYPE = YES_ERROR;
				GCC_WARN_UNDECLARED_SELECTOR = YES;
				GCC_WARN_UNINITIALIZED_AUTOS = YES_AGGRESSIVE;
				GCC_WARN_UNUSED_FUNCTION = YES;
				GCC_WARN_UNUSED_VARIABLE = YES;
				IPHONEOS_DEPLOYMENT_TARGET = 13.2;
				MTL_ENABLE_DEBUG_INFO = NO;
				MTL_FAST_MATH = YES;
				SDKROOT = iphoneos;
				SWIFT_COMPILATION_MODE = wholemodule;
				SWIFT_OPTIMIZATION_LEVEL = "-O";
				VALIDATE_PRODUCT = YES;
			};
			name = Release;
		};
		62D9DDE323F97388007517B9 /* Debug */ = {
			isa = XCBuildConfiguration;
			baseConfigurationReference = 855DB4F487F2B84FCC2BC3E1 /* Pods-RNTCiPiPStoryboard.debug.xcconfig */;
			buildSettings = {
				ASSETCATALOG_COMPILER_APPICON_NAME = AppIcon;
				CODE_SIGN_STYLE = Automatic;
				DEVELOPMENT_TEAM = E7LT4SWZY4;
				INFOPLIST_FILE = RNTCiPiPStoryboard/Info.plist;
				IPHONEOS_DEPLOYMENT_TARGET = 14.0;
				LD_RUNPATH_SEARCH_PATHS = (
					"$(inherited)",
					"@executable_path/Frameworks",
				);
				MARKETING_VERSION = 1.1;
				PRODUCT_BUNDLE_IDENTIFIER = com.Domiik.MyProfession;
				PRODUCT_NAME = "Моя профессия";
				SWIFT_VERSION = 5.0;
				TARGETED_DEVICE_FAMILY = 1;
			};
			name = Debug;
		};
		62D9DDE423F97388007517B9 /* Release */ = {
			isa = XCBuildConfiguration;
			baseConfigurationReference = 47F42D19F337ED1C5D3404E8 /* Pods-RNTCiPiPStoryboard.release.xcconfig */;
			buildSettings = {
				ASSETCATALOG_COMPILER_APPICON_NAME = AppIcon;
				CODE_SIGN_STYLE = Automatic;
				DEVELOPMENT_TEAM = E7LT4SWZY4;
				INFOPLIST_FILE = RNTCiPiPStoryboard/Info.plist;
				IPHONEOS_DEPLOYMENT_TARGET = 14.0;
				LD_RUNPATH_SEARCH_PATHS = (
					"$(inherited)",
					"@executable_path/Frameworks",
				);
				MARKETING_VERSION = 1.1;
				PRODUCT_BUNDLE_IDENTIFIER = com.Domiik.MyProfession;
				PRODUCT_NAME = "Моя профессия";
				SWIFT_VERSION = 5.0;
				TARGETED_DEVICE_FAMILY = 1;
			};
			name = Release;
		};
/* End XCBuildConfiguration section */

/* Begin XCConfigurationList section */
		62D9DDC923F97385007517B9 /* Build configuration list for PBXProject "RNTCiPiPStoryboard" */ = {
			isa = XCConfigurationList;
			buildConfigurations = (
				62D9DDE023F97388007517B9 /* Debug */,
				62D9DDE123F97388007517B9 /* Release */,
			);
			defaultConfigurationIsVisible = 0;
			defaultConfigurationName = Release;
		};
		62D9DDE223F97388007517B9 /* Build configuration list for PBXNativeTarget "RNTCiPiPStoryboard" */ = {
			isa = XCConfigurationList;
			buildConfigurations = (
				62D9DDE323F97388007517B9 /* Debug */,
				62D9DDE423F97388007517B9 /* Release */,
			);
			defaultConfigurationIsVisible = 0;
			defaultConfigurationName = Release;
		};
/* End XCConfigurationList section */
	};
	rootObject = 62D9DDC623F97385007517B9 /* Project object */;
}
